// !$*UTF8*$!
{
	archiveVersion = 1;
	classes = {
	};
	objectVersion = 55;
	objects = {

/* Begin PBXBuildFile section */
		C440F78627FE798A00443C06 /* AppDelegate.m in Sources */ = {isa = PBXBuildFile; fileRef = C440F78527FE798A00443C06 /* AppDelegate.m */; };
		C440F78927FE798A00443C06 /* SceneDelegate.m in Sources */ = {isa = PBXBuildFile; fileRef = C440F78827FE798A00443C06 /* SceneDelegate.m */; };
		C440F78C27FE798A00443C06 /* ViewController.m in Sources */ = {isa = PBXBuildFile; fileRef = C440F78B27FE798A00443C06 /* ViewController.m */; };
		C440F78F27FE798A00443C06 /* Main.storyboard in Resources */ = {isa = PBXBuildFile; fileRef = C440F78D27FE798A00443C06 /* Main.storyboard */; };
		C440F79127FE798C00443C06 /* Assets.xcassets in Resources */ = {isa = PBXBuildFile; fileRef = C440F79027FE798C00443C06 /* Assets.xcassets */; };
		C440F79427FE798C00443C06 /* LaunchScreen.storyboard in Resources */ = {isa = PBXBuildFile; fileRef = C440F79227FE798C00443C06 /* LaunchScreen.storyboard */; };
		C440F79727FE798C00443C06 /* main.m in Sources */ = {isa = PBXBuildFile; fileRef = C440F79627FE798C00443C06 /* main.m */; };
		C440F79F27FE79C300443C06 /* TopbarViewController.m in Sources */ = {isa = PBXBuildFile; fileRef = C440F79E27FE79C300443C06 /* TopbarViewController.m */; };
		C440F7A527FE79E400443C06 /* XKVO.m in Sources */ = {isa = PBXBuildFile; fileRef = C440F7A227FE79E400443C06 /* XKVO.m */; };
		C440F7A627FE79E400443C06 /* XSignal.m in Sources */ = {isa = PBXBuildFile; fileRef = C440F7A327FE79E400443C06 /* XSignal.m */; };
		C4C65DD428085DD200EE4545 /* AudioPlayer.m in Sources */ = {isa = PBXBuildFile; fileRef = C4C65DD328085DD200EE4545 /* AudioPlayer.m */; };
/* End PBXBuildFile section */

/* Begin PBXFileReference section */
		C440F78127FE798A00443C06 /* XKVODemo.app */ = {isa = PBXFileReference; explicitFileType = wrapper.application; includeInIndex = 0; path = XKVODemo.app; sourceTree = BUILT_PRODUCTS_DIR; };
		C440F78427FE798A00443C06 /* AppDelegate.h */ = {isa = PBXFileReference; lastKnownFileType = sourcecode.c.h; path = AppDelegate.h; sourceTree = "<group>"; };
		C440F78527FE798A00443C06 /* AppDelegate.m */ = {isa = PBXFileReference; lastKnownFileType = sourcecode.c.objc; path = AppDelegate.m; sourceTree = "<group>"; };
		C440F78727FE798A00443C06 /* SceneDelegate.h */ = {isa = PBXFileReference; lastKnownFileType = sourcecode.c.h; path = SceneDelegate.h; sourceTree = "<group>"; };
		C440F78827FE798A00443C06 /* SceneDelegate.m */ = {isa = PBXFileReference; lastKnownFileType = sourcecode.c.objc; path = SceneDelegate.m; sourceTree = "<group>"; };
		C440F78A27FE798A00443C06 /* ViewController.h */ = {isa = PBXFileReference; lastKnownFileType = sourcecode.c.h; path = ViewController.h; sourceTree = "<group>"; };
		C440F78B27FE798A00443C06 /* ViewController.m */ = {isa = PBXFileReference; lastKnownFileType = sourcecode.c.objc; path = ViewController.m; sourceTree = "<group>"; };
		C440F78E27FE798A00443C06 /* Base */ = {isa = PBXFileReference; lastKnownFileType = file.storyboard; name = Base; path = Base.lproj/Main.storyboard; sourceTree = "<group>"; };
		C440F79027FE798C00443C06 /* Assets.xcassets */ = {isa = PBXFileReference; lastKnownFileType = folder.assetcatalog; path = Assets.xcassets; sourceTree = "<group>"; };
		C440F79327FE798C00443C06 /* Base */ = {isa = PBXFileReference; lastKnownFileType = file.storyboard; name = Base; path = Base.lproj/LaunchScreen.storyboard; sourceTree = "<group>"; };
		C440F79527FE798C00443C06 /* Info.plist */ = {isa = PBXFileReference; lastKnownFileType = text.plist.xml; path = Info.plist; sourceTree = "<group>"; };
		C440F79627FE798C00443C06 /* main.m */ = {isa = PBXFileReference; lastKnownFileType = sourcecode.c.objc; path = main.m; sourceTree = "<group>"; };
		C440F79D27FE79C300443C06 /* TopbarViewController.h */ = {isa = PBXFileReference; fileEncoding = 4; lastKnownFileType = sourcecode.c.h; path = TopbarViewController.h; sourceTree = "<group>"; };
		C440F79E27FE79C300443C06 /* TopbarViewController.m */ = {isa = PBXFileReference; fileEncoding = 4; lastKnownFileType = sourcecode.c.objc; path = TopbarViewController.m; sourceTree = "<group>"; };
		C440F7A127FE79E400443C06 /* XSignal.h */ = {isa = PBXFileReference; fileEncoding = 4; lastKnownFileType = sourcecode.c.h; path = XSignal.h; sourceTree = "<group>"; };
		C440F7A227FE79E400443C06 /* XKVO.m */ = {isa = PBXFileReference; fileEncoding = 4; lastKnownFileType = sourcecode.c.objc; path = XKVO.m; sourceTree = "<group>"; };
		C440F7A327FE79E400443C06 /* XSignal.m */ = {isa = PBXFileReference; fileEncoding = 4; lastKnownFileType = sourcecode.c.objc; path = XSignal.m; sourceTree = "<group>"; };
		C440F7A427FE79E400443C06 /* XKVO.h */ = {isa = PBXFileReference; fileEncoding = 4; lastKnownFileType = sourcecode.c.h; path = XKVO.h; sourceTree = "<group>"; };
		C4C65DD228085DD200EE4545 /* AudioPlayer.h */ = {isa = PBXFileReference; lastKnownFileType = sourcecode.c.h; path = AudioPlayer.h; sourceTree = "<group>"; };
		C4C65DD328085DD200EE4545 /* AudioPlayer.m */ = {isa = PBXFileReference; lastKnownFileType = sourcecode.c.objc; path = AudioPlayer.m; sourceTree = "<group>"; };
/* End PBXFileReference section */

/* Begin PBXFrameworksBuildPhase section */
		C440F77E27FE798A00443C06 /* Frameworks */ = {
			isa = PBXFrameworksBuildPhase;
			buildActionMask = 2147483647;
			files = (
			);
			runOnlyForDeploymentPostprocessing = 0;
		};
/* End PBXFrameworksBuildPhase section */

/* Begin PBXGroup section */
		C440F77827FE798A00443C06 = {
			isa = PBXGroup;
			children = (
				C440F7A027FE79E300443C06 /* XKVO */,
				C440F78327FE798A00443C06 /* XKVODemo */,
				C440F78227FE798A00443C06 /* Products */,
			);
			sourceTree = "<group>";
		};
		C440F78227FE798A00443C06 /* Products */ = {
			isa = PBXGroup;
			children = (
				C440F78127FE798A00443C06 /* XKVODemo.app */,
			);
			name = Products;
			sourceTree = "<group>";
		};
		C440F78327FE798A00443C06 /* XKVODemo */ = {
			isa = PBXGroup;
			children = (
				C440F79D27FE79C300443C06 /* TopbarViewController.h */,
				C440F79E27FE79C300443C06 /* TopbarViewController.m */,
				C440F78427FE798A00443C06 /* AppDelegate.h */,
				C440F78527FE798A00443C06 /* AppDelegate.m */,
				C440F78727FE798A00443C06 /* SceneDelegate.h */,
				C440F78827FE798A00443C06 /* SceneDelegate.m */,
				C440F78A27FE798A00443C06 /* ViewController.h */,
				C440F78B27FE798A00443C06 /* ViewController.m */,
				C440F78D27FE798A00443C06 /* Main.storyboard */,
				C440F79027FE798C00443C06 /* Assets.xcassets */,
				C440F79227FE798C00443C06 /* LaunchScreen.storyboard */,
				C440F79527FE798C00443C06 /* Info.plist */,
				C440F79627FE798C00443C06 /* main.m */,
				C4C65DD228085DD200EE4545 /* AudioPlayer.h */,
				C4C65DD328085DD200EE4545 /* AudioPlayer.m */,
			);
			path = XKVODemo;
			sourceTree = "<group>";
		};
		C440F7A027FE79E300443C06 /* XKVO */ = {
			isa = PBXGroup;
			children = (
				C440F7A127FE79E400443C06 /* XSignal.h */,
				C440F7A227FE79E400443C06 /* XKVO.m */,
				C440F7A327FE79E400443C06 /* XSignal.m */,
				C440F7A427FE79E400443C06 /* XKVO.h */,
			);
			name = XKVO;
			path = ../XKVO;
			sourceTree = "<group>";
		};
/* End PBXGroup section */

/* Begin PBXNativeTarget section */
		C440F78027FE798A00443C06 /* XKVODemo */ = {
			isa = PBXNativeTarget;
			buildConfigurationList = C440F79A27FE798C00443C06 /* Build configuration list for PBXNativeTarget "XKVODemo" */;
			buildPhases = (
				C440F77D27FE798A00443C06 /* Sources */,
				C440F77E27FE798A00443C06 /* Frameworks */,
				C440F77F27FE798A00443C06 /* Resources */,
			);
			buildRules = (
			);
			dependencies = (
			);
			name = XKVODemo;
			productName = XKVODemo;
			productReference = C440F78127FE798A00443C06 /* XKVODemo.app */;
			productType = "com.apple.product-type.application";
		};
/* End PBXNativeTarget section */

/* Begin PBXProject section */
		C440F77927FE798A00443C06 /* Project object */ = {
			isa = PBXProject;
			attributes = {
				BuildIndependentTargetsInParallel = 1;
				LastUpgradeCheck = 1310;
				TargetAttributes = {
					C440F78027FE798A00443C06 = {
						CreatedOnToolsVersion = 13.1;
					};
				};
			};
			buildConfigurationList = C440F77C27FE798A00443C06 /* Build configuration list for PBXProject "XKVODemo" */;
			compatibilityVersion = "Xcode 13.0";
			developmentRegion = en;
			hasScannedForEncodings = 0;
			knownRegions = (
				en,
				Base,
			);
			mainGroup = C440F77827FE798A00443C06;
			productRefGroup = C440F78227FE798A00443C06 /* Products */;
			projectDirPath = "";
			projectRoot = "";
			targets = (
				C440F78027FE798A00443C06 /* XKVODemo */,
			);
		};
/* End PBXProject section */

/* Begin PBXResourcesBuildPhase section */
		C440F77F27FE798A00443C06 /* Resources */ = {
			isa = PBXResourcesBuildPhase;
			buildActionMask = 2147483647;
			files = (
				C440F79427FE798C00443C06 /* LaunchScreen.storyboard in Resources */,
				C440F79127FE798C00443C06 /* Assets.xcassets in Resources */,
				C440F78F27FE798A00443C06 /* Main.storyboard in Resources */,
			);
			runOnlyForDeploymentPostprocessing = 0;
		};
/* End PBXResourcesBuildPhase section */

/* Begin PBXSourcesBuildPhase section */
		C440F77D27FE798A00443C06 /* Sources */ = {
			isa = PBXSourcesBuildPhase;
			buildActionMask = 2147483647;
			files = (
				C440F79F27FE79C300443C06 /* TopbarViewController.m in Sources */,
				C4C65DD428085DD200EE4545 /* AudioPlayer.m in Sources */,
				C440F7A627FE79E400443C06 /* XSignal.m in Sources */,
				C440F78C27FE798A00443C06 /* ViewController.m in Sources */,
				C440F78627FE798A00443C06 /* AppDelegate.m in Sources */,
				C440F79727FE798C00443C06 /* main.m in Sources */,
				C440F78927FE798A00443C06 /* SceneDelegate.m in Sources */,
				C440F7A527FE79E400443C06 /* XKVO.m in Sources */,
			);
			runOnlyForDeploymentPostprocessing = 0;
		};
/* End PBXSourcesBuildPhase section */

/* Begin PBXVariantGroup section */
		C440F78D27FE798A00443C06 /* Main.storyboard */ = {
			isa = PBXVariantGroup;
			children = (
				C440F78E27FE798A00443C06 /* Base */,
			);
			name = Main.storyboard;
			sourceTree = "<group>";
		};
		C440F79227FE798C00443C06 /* LaunchScreen.storyboard */ = {
			isa = PBXVariantGroup;
			children = (
				C440F79327FE798C00443C06 /* Base */,
			);
			name = LaunchScreen.storyboard;
			sourceTree = "<group>";
		};
/* End PBXVariantGroup section */

/* Begin XCBuildConfiguration section */
		C440F79827FE798C00443C06 /* Debug */ = {
			isa = XCBuildConfiguration;
			buildSettings = {
				ALWAYS_SEARCH_USER_PATHS = NO;
				CLANG_ANALYZER_NONNULL = YES;
				CLANG_ANALYZER_NUMBER_OBJECT_CONVERSION = YES_AGGRESSIVE;
				CLANG_CXX_LANGUAGE_STANDARD = "gnu++17";
				CLANG_CXX_LIBRARY = "libc++";
				CLANG_ENABLE_MODULES = YES;
				CLANG_ENABLE_OBJC_ARC = YES;
				CLANG_ENABLE_OBJC_WEAK = YES;
				CLANG_WARN_BLOCK_CAPTURE_AUTORELEASING = YES;
				CLANG_WARN_BOOL_CONVERSION = YES;
				CLANG_WARN_COMMA = YES;
				CLANG_WARN_CONSTANT_CONVERSION = YES;
				CLANG_WARN_DEPRECATED_OBJC_IMPLEMENTATIONS = YES;
				CLANG_WARN_DIRECT_OBJC_ISA_USAGE = YES_ERROR;
				CLANG_WARN_DOCUMENTATION_COMMENTS = YES;
				CLANG_WARN_EMPTY_BODY = YES;
				CLANG_WARN_ENUM_CONVERSION = YES;
				CLANG_WARN_INFINITE_RECURSION = YES;
				CLANG_WARN_INT_CONVERSION = YES;
				CLANG_WARN_NON_LITERAL_NULL_CONVERSION = YES;
				CLANG_WARN_OBJC_IMPLICIT_RETAIN_SELF = YES;
				CLANG_WARN_OBJC_LITERAL_CONVERSION = YES;
				CLANG_WARN_OBJC_ROOT_CLASS = YES_ERROR;
				CLANG_WARN_QUOTED_INCLUDE_IN_FRAMEWORK_HEADER = YES;
				CLANG_WARN_RANGE_LOOP_ANALYSIS = YES;
				CLANG_WARN_STRICT_PROTOTYPES = YES;
				CLANG_WARN_SUSPICIOUS_MOVE = YES;
				CLANG_WARN_UNGUARDED_AVAILABILITY = YES_AGGRESSIVE;
				CLANG_WARN_UNREACHABLE_CODE = YES;
				CLANG_WARN__DUPLICATE_METHOD_MATCH = YES;
				COPY_PHASE_STRIP = NO;
				DEBUG_INFORMATION_FORMAT = dwarf;
				ENABLE_STRICT_OBJC_MSGSEND = YES;
				ENABLE_TESTABILITY = YES;
				GCC_C_LANGUAGE_STANDARD = gnu11;
				GCC_DYNAMIC_NO_PIC = NO;
				GCC_NO_COMMON_BLOCKS = YES;
				GCC_OPTIMIZATION_LEVEL = 0;
				GCC_PREPROCESSOR_DEFINITIONS = (
					"DEBUG=1",
					"$(inherited)",
				);
				GCC_WARN_64_TO_32_BIT_CONVERSION = YES;
				GCC_WARN_ABOUT_RETURN_TYPE = YES_ERROR;
				GCC_WARN_UNDECLARED_SELECTOR = YES;
				GCC_WARN_UNINITIALIZED_AUTOS = YES_AGGRESSIVE;
				GCC_WARN_UNUSED_FUNCTION = YES;
				GCC_WARN_UNUSED_VARIABLE = YES;
				IPHONEOS_DEPLOYMENT_TARGET = 15.0;
				MTL_ENABLE_DEBUG_INFO = INCLUDE_SOURCE;
				MTL_FAST_MATH = YES;
				ONLY_ACTIVE_ARCH = YES;
				SDKROOT = iphoneos;
			};
			name = Debug;
		};
		C440F79927FE798C00443C06 /* Release */ = {
			isa = XCBuildConfiguration;
			buildSettings = {
				ALWAYS_SEARCH_USER_PATHS = NO;
				CLANG_ANALYZER_NONNULL = YES;
				CLANG_ANALYZER_NUMBER_OBJECT_CONVERSION = YES_AGGRESSIVE;
				CLANG_CXX_LANGUAGE_STANDARD = "gnu++17";
				CLANG_CXX_LIBRARY = "libc++";
				CLANG_ENABLE_MODULES = YES;
				CLANG_ENABLE_OBJC_ARC = YES;
				CLANG_ENABLE_OBJC_WEAK = YES;
				CLANG_WARN_BLOCK_CAPTURE_AUTORELEASING = YES;
				CLANG_WARN_BOOL_CONVERSION = YES;
				CLANG_WARN_COMMA = YES;
				CLANG_WARN_CONSTANT_CONVERSION = YES;
				CLANG_WARN_DEPRECATED_OBJC_IMPLEMENTATIONS = YES;
				CLANG_WARN_DIRECT_OBJC_ISA_USAGE = YES_ERROR;
				CLANG_WARN_DOCUMENTATION_COMMENTS = YES;
				CLANG_WARN_EMPTY_BODY = YES;
				CLANG_WARN_ENUM_CONVERSION = YES;
				CLANG_WARN_INFINITE_RECURSION = YES;
				CLANG_WARN_INT_CONVERSION = YES;
				CLANG_WARN_NON_LITERAL_NULL_CONVERSION = YES;
				CLANG_WARN_OBJC_IMPLICIT_RETAIN_SELF = YES;
				CLANG_WARN_OBJC_LITERAL_CONVERSION = YES;
				CLANG_WARN_OBJC_ROOT_CLASS = YES_ERROR;
				CLANG_WARN_QUOTED_INCLUDE_IN_FRAMEWORK_HEADER = YES;
				CLANG_WARN_RANGE_LOOP_ANALYSIS = YES;
				CLANG_WARN_STRICT_PROTOTYPES = YES;
				CLANG_WARN_SUSPICIOUS_MOVE = YES;
				CLANG_WARN_UNGUARDED_AVAILABILITY = YES_AGGRESSIVE;
				CLANG_WARN_UNREACHABLE_CODE = YES;
				CLANG_WARN__DUPLICATE_METHOD_MATCH = YES;
				COPY_PHASE_STRIP = NO;
				DEBUG_INFORMATION_FORMAT = "dwarf-with-dsym";
				ENABLE_NS_ASSERTIONS = NO;
				ENABLE_STRICT_OBJC_MSGSEND = YES;
				GCC_C_LANGUAGE_STANDARD = gnu11;
				GCC_NO_COMMON_BLOCKS = YES;
				GCC_WARN_64_TO_32_BIT_CONVERSION = YES;
				GCC_WARN_ABOUT_RETURN_TYPE = YES_ERROR;
				GCC_WARN_UNDECLARED_SELECTOR = YES;
				GCC_WARN_UNINITIALIZED_AUTOS = YES_AGGRESSIVE;
				GCC_WARN_UNUSED_FUNCTION = YES;
				GCC_WARN_UNUSED_VARIABLE = YES;
				IPHONEOS_DEPLOYMENT_TARGET = 15.0;
				MTL_ENABLE_DEBUG_INFO = NO;
				MTL_FAST_MATH = YES;
				SDKROOT = iphoneos;
				VALIDATE_PRODUCT = YES;
			};
			name = Release;
		};
		C440F79B27FE798C00443C06 /* Debug */ = {
			isa = XCBuildConfiguration;
			buildSettings = {
				ASSETCATALOG_COMPILER_APPICON_NAME = AppIcon;
				ASSETCATALOG_COMPILER_GLOBAL_ACCENT_COLOR_NAME = AccentColor;
				CODE_SIGN_STYLE = Automatic;
				CURRENT_PROJECT_VERSION = 1;
				DEVELOPMENT_TEAM = HPD7KBH4FD;
				GENERATE_INFOPLIST_FILE = YES;
				INFOPLIST_FILE = XKVODemo/Info.plist;
				INFOPLIST_KEY_UIApplicationSupportsIndirectInputEvents = YES;
				INFOPLIST_KEY_UILaunchStoryboardName = LaunchScreen;
				INFOPLIST_KEY_UIMainStoryboardFile = Main;
				INFOPLIST_KEY_UISupportedInterfaceOrientations_iPad = "UIInterfaceOrientationPortrait UIInterfaceOrientationPortraitUpsideDown UIInterfaceOrientationLandscapeLeft UIInterfaceOrientationLandscapeRight";
				INFOPLIST_KEY_UISupportedInterfaceOrientations_iPhone = "UIInterfaceOrientationPortrait UIInterfaceOrientationLandscapeLeft UIInterfaceOrientationLandscapeRight";
				LD_RUNPATH_SEARCH_PATHS = (
					"$(inherited)",
					"@executable_path/Frameworks",
				);
				MARKETING_VERSION = 1.0;
				PRODUCT_BUNDLE_IDENTIFIER = com.quick.test.XKVODemo.XKVODemo;
				PRODUCT_NAME = "$(TARGET_NAME)";
				SWIFT_EMIT_LOC_STRINGS = YES;
				TARGETED_DEVICE_FAMILY = "1,2";
			};
			name = Debug;
		};
		C440F79C27FE798C00443C06 /* Release */ = {
			isa = XCBuildConfiguration;
			buildSettings = {
				ASSETCATALOG_COMPILER_APPICON_NAME = AppIcon;
				ASSETCATALOG_COMPILER_GLOBAL_ACCENT_COLOR_NAME = AccentColor;
				CODE_SIGN_STYLE = Automatic;
				CURRENT_PROJECT_VERSION = 1;
				DEVELOPMENT_TEAM = HPD7KBH4FD;
				GENERATE_INFOPLIST_FILE = YES;
				INFOPLIST_FILE = XKVODemo/Info.plist;
				INFOPLIST_KEY_UIApplicationSupportsIndirectInputEvents = YES;
				INFOPLIST_KEY_UILaunchStoryboardName = LaunchScreen;
				INFOPLIST_KEY_UIMainStoryboardFile = Main;
				INFOPLIST_KEY_UISupportedInterfaceOrientations_iPad = "UIInterfaceOrientationPortrait UIInterfaceOrientationPortraitUpsideDown UIInterfaceOrientationLandscapeLeft UIInterfaceOrientationLandscapeRight";
				INFOPLIST_KEY_UISupportedInterfaceOrientations_iPhone = "UIInterfaceOrientationPortrait UIInterfaceOrientationLandscapeLeft UIInterfaceOrientationLandscapeRight";
				LD_RUNPATH_SEARCH_PATHS = (
					"$(inherited)",
					"@executable_path/Frameworks",
				);
				MARKETING_VERSION = 1.0;
				PRODUCT_BUNDLE_IDENTIFIER = com.quick.test.XKVODemo.XKVODemo;
				PRODUCT_NAME = "$(TARGET_NAME)";
				SWIFT_EMIT_LOC_STRINGS = YES;
				TARGETED_DEVICE_FAMILY = "1,2";
			};
			name = Release;
		};
/* End XCBuildConfiguration section */

/* Begin XCConfigurationList section */
		C440F77C27FE798A00443C06 /* Build configuration list for PBXProject "XKVODemo" */ = {
			isa = XCConfigurationList;
			buildConfigurations = (
				C440F79827FE798C00443C06 /* Debug */,
				C440F79927FE798C00443C06 /* Release */,
			);
			defaultConfigurationIsVisible = 0;
			defaultConfigurationName = Release;
		};
		C440F79A27FE798C00443C06 /* Build configuration list for PBXNativeTarget "XKVODemo" */ = {
			isa = XCConfigurationList;
			buildConfigurations = (
				C440F79B27FE798C00443C06 /* Debug */,
				C440F79C27FE798C00443C06 /* Release */,
			);
			defaultConfigurationIsVisible = 0;
			defaultConfigurationName = Release;
		};
/* End XCConfigurationList section */
	};
	rootObject = C440F77927FE798A00443C06 /* Project object */;
}
